
Microsoft Visual Studio Solution File, Format Version 12.00
# Visual Studio 14
VisualStudioVersion = 14.0.25420.1
MinimumVisualStudioVersion = 10.0.40219.1
Project("{FAE04EC0-301F-11D3-BF4B-00C04F79EFBC}") = "Presentacion", "Presentacion\Presentacion.csproj", "{D12AF664-03E6-4E46-9EEC-B614CD1D4D01}"
EndProject
Project("{FAE04EC0-301F-11D3-BF4B-00C04F79EFBC}") = "Persistencia", "Persistencia\Persistencia.csproj", "{00277364-48A7-4775-82B2-68E0728BAAE6}"
EndProject
Project("{FAE04EC0-301F-11D3-BF4B-00C04F79EFBC}") = "Entidades", "Entidades\Entidades.csproj", "{86F3E2F5-9730-4D3E-AA43-87ACD42CDE43}"
EndProject
Project("{FAE04EC0-301F-11D3-BF4B-00C04F79EFBC}") = "Logica", "Logica\Logica.csproj", "{1C964C63-5707-44B2-AC91-A4E6D9BA0820}"
EndProject
Global
	GlobalSection(SolutionConfigurationPlatforms) = preSolution
		Debug|Any CPU = Debug|Any CPU
		Release|Any CPU = Release|Any CPU
	EndGlobalSection
	GlobalSection(ProjectConfigurationPlatforms) = postSolution
		{D12AF664-03E6-4E46-9EEC-B614CD1D4D01}.Debug|Any CPU.ActiveCfg = Debug|Any CPU
		{D12AF664-03E6-4E46-9EEC-B614CD1D4D01}.Debug|Any CPU.Build.0 = Debug|Any CPU
		{D12AF664-03E6-4E46-9EEC-B614CD1D4D01}.Release|Any CPU.ActiveCfg = Release|Any CPU
		{D12AF664-03E6-4E46-9EEC-B614CD1D4D01}.Release|Any CPU.Build.0 = Release|Any CPU
		{00277364-48A7-4775-82B2-68E0728BAAE6}.Debug|Any CPU.ActiveCfg = Debug|Any CPU
		{00277364-48A7-4775-82B2-68E0728BAAE6}.Debug|Any CPU.Build.0 = Debug|Any CPU
		{00277364-48A7-4775-82B2-68E0728BAAE6}.Release|Any CPU.ActiveCfg = Release|Any CPU
		{00277364-48A7-4775-82B2-68E0728BAAE6}.Release|Any CPU.Build.0 = Release|Any CPU
		{86F3E2F5-9730-4D3E-AA43-87ACD42CDE43}.Debug|Any CPU.ActiveCfg = Debug|Any CPU
		{86F3E2F5-9730-4D3E-AA43-87ACD42CDE43}.Debug|Any CPU.Build.0 = Debug|Any CPU
		{86F3E2F5-9730-4D3E-AA43-87ACD42CDE43}.Release|Any CPU.ActiveCfg = Release|Any CPU
		{86F3E2F5-9730-4D3E-AA43-87ACD42CDE43}.Release|Any CPU.Build.0 = Release|Any CPU
		{1C964C63-5707-44B2-AC91-A4E6D9BA0820}.Debug|Any CPU.ActiveCfg = Debug|Any CPU
		{1C964C63-5707-44B2-AC91-A4E6D9BA0820}.Debug|Any CPU.Build.0 = Debug|Any CPU
		{1C964C63-5707-44B2-AC91-A4E6D9BA0820}.Release|Any CPU.ActiveCfg = Release|Any CPU
		{1C964C63-5707-44B2-AC91-A4E6D9BA0820}.Release|Any CPU.Build.0 = Release|Any CPU
	EndGlobalSection
	GlobalSection(SolutionProperties) = preSolution
		HideSolutionNode = FALSE
	EndGlobalSection
EndGlobal
